
Microsoft Visual Studio Solution File, Format Version 12.00
# Visual Studio 15
VisualStudioVersion = 15.0.28307.438
MinimumVisualStudioVersion = 10.0.40219.1
Project("{FAE04EC0-301F-11D3-BF4B-00C04F79EFBC}") = "HelloWorld", "HelloWorld\HelloWorld.csproj", "{CBCA5547-AD47-4D36-89D0-B6002BDD8648}"
EndProject
Project("{FAE04EC0-301F-11D3-BF4B-00C04F79EFBC}") = "DemoTests", "DemoTests\DemoTests.csproj", "{D66F68BB-1464-4B9F-8B98-E6E186E9C1F0}"
EndProject
Project("{FAE04EC0-301F-11D3-BF4B-00C04F79EFBC}") = "DemoTests.Tests", "DemoTests.Tests\DemoTests.Tests.csproj", "{8E4A619F-FDC8-40D3-8617-FE1E62D208CF}"
EndProject
Project("{FAE04EC0-301F-11D3-BF4B-00C04F79EFBC}") = "HelloWorld.Tests", "HelloWorld.Tests\HelloWorld.Tests.csproj", "{221F3EE9-CF8A-4587-AD0A-23D2E339A604}"
EndProject
Project("{FAE04EC0-301F-11D3-BF4B-00C04F79EFBC}") = "RestaurantAuswahl", "RestaurantAuswahl\RestaurantAuswahl.csproj", "{94991EDD-1314-48CE-B0B9-10FF96740E90}"
EndProject
Project("{FAE04EC0-301F-11D3-BF4B-00C04F79EFBC}") = "RestaurantAuswahl.Tests", "RestaurantAuswahl.Tests\RestaurantAuswahl.Tests.csproj", "{4F54CE1C-F8A3-4192-B222-215C2FF99B7F}"
EndProject
Project("{FAE04EC0-301F-11D3-BF4B-00C04F79EFBC}") = "eBiB", "eBiB\eBiB.csproj", "{1E293271-C09B-40FA-990A-AE11795C143C}"
EndProject
Project("{FAE04EC0-301F-11D3-BF4B-00C04F79EFBC}") = "eBiB.Tests", "eBiB.Tests\eBiB.Tests.csproj", "{5B3A19CB-0268-4016-9ECE-6EFC1D9901F7}"
EndProject
Project("{7CF6DF6D-3B04-46F8-A40B-537D21BCA0B4}") = "eBiBDocu", "eBiBDocu\eBiBDocu.shfbproj", "{36C823BE-5BD3-4366-AC76-F56928CD4B50}"
EndProject
Project("{FAE04EC0-301F-11D3-BF4B-00C04F79EFBC}") = "WebAppArchitect", "WebAppArchitect\WebAppArchitect.csproj", "{5270B72F-6BA5-46F1-BB40-2812D2902570}"
EndProject
Project("{FAE04EC0-301F-11D3-BF4B-00C04F79EFBC}") = "BLL", "BLL\BLL.csproj", "{FA8854DF-68BE-410A-A27F-1EDCA154DA97}"
EndProject
Global
	GlobalSection(SolutionConfigurationPlatforms) = preSolution
		Debug|Any CPU = Debug|Any CPU
		Release|Any CPU = Release|Any CPU
	EndGlobalSection
	GlobalSection(ProjectConfigurationPlatforms) = postSolution
		{CBCA5547-AD47-4D36-89D0-B6002BDD8648}.Debug|Any CPU.ActiveCfg = Debug|Any CPU
		{CBCA5547-AD47-4D36-89D0-B6002BDD8648}.Debug|Any CPU.Build.0 = Debug|Any CPU
		{CBCA5547-AD47-4D36-89D0-B6002BDD8648}.Release|Any CPU.ActiveCfg = Release|Any CPU
		{CBCA5547-AD47-4D36-89D0-B6002BDD8648}.Release|Any CPU.Build.0 = Release|Any CPU
		{D66F68BB-1464-4B9F-8B98-E6E186E9C1F0}.Debug|Any CPU.ActiveCfg = Debug|Any CPU
		{D66F68BB-1464-4B9F-8B98-E6E186E9C1F0}.Debug|Any CPU.Build.0 = Debug|Any CPU
		{D66F68BB-1464-4B9F-8B98-E6E186E9C1F0}.Release|Any CPU.ActiveCfg = Release|Any CPU
		{D66F68BB-1464-4B9F-8B98-E6E186E9C1F0}.Release|Any CPU.Build.0 = Release|Any CPU
		{8E4A619F-FDC8-40D3-8617-FE1E62D208CF}.Debug|Any CPU.ActiveCfg = Debug|Any CPU
		{8E4A619F-FDC8-40D3-8617-FE1E62D208CF}.Debug|Any CPU.Build.0 = Debug|Any CPU
		{8E4A619F-FDC8-40D3-8617-FE1E62D208CF}.Release|Any CPU.ActiveCfg = Release|Any CPU
		{8E4A619F-FDC8-40D3-8617-FE1E62D208CF}.Release|Any CPU.Build.0 = Release|Any CPU
		{221F3EE9-CF8A-4587-AD0A-23D2E339A604}.Debug|Any CPU.ActiveCfg = Debug|Any CPU
		{221F3EE9-CF8A-4587-AD0A-23D2E339A604}.Debug|Any CPU.Build.0 = Debug|Any CPU
		{221F3EE9-CF8A-4587-AD0A-23D2E339A604}.Release|Any CPU.ActiveCfg = Release|Any CPU
		{221F3EE9-CF8A-4587-AD0A-23D2E339A604}.Release|Any CPU.Build.0 = Release|Any CPU
		{94991EDD-1314-48CE-B0B9-10FF96740E90}.Debug|Any CPU.ActiveCfg = Debug|Any CPU
		{94991EDD-1314-48CE-B0B9-10FF96740E90}.Debug|Any CPU.Build.0 = Debug|Any CPU
		{94991EDD-1314-48CE-B0B9-10FF96740E90}.Release|Any CPU.ActiveCfg = Release|Any CPU
		{94991EDD-1314-48CE-B0B9-10FF96740E90}.Release|Any CPU.Build.0 = Release|Any CPU
		{4F54CE1C-F8A3-4192-B222-215C2FF99B7F}.Debug|Any CPU.ActiveCfg = Debug|Any CPU
		{4F54CE1C-F8A3-4192-B222-215C2FF99B7F}.Debug|Any CPU.Build.0 = Debug|Any CPU
		{4F54CE1C-F8A3-4192-B222-215C2FF99B7F}.Release|Any CPU.ActiveCfg = Release|Any CPU
		{4F54CE1C-F8A3-4192-B222-215C2FF99B7F}.Release|Any CPU.Build.0 = Release|Any CPU
		{1E293271-C09B-40FA-990A-AE11795C143C}.Debug|Any CPU.ActiveCfg = Debug|Any CPU
		{1E293271-C09B-40FA-990A-AE11795C143C}.Debug|Any CPU.Build.0 = Debug|Any CPU
		{1E293271-C09B-40FA-990A-AE11795C143C}.Release|Any CPU.ActiveCfg = Release|Any CPU
		{1E293271-C09B-40FA-990A-AE11795C143C}.Release|Any CPU.Build.0 = Release|Any CPU
		{5B3A19CB-0268-4016-9ECE-6EFC1D9901F7}.Debug|Any CPU.ActiveCfg = Debug|Any CPU
		{5B3A19CB-0268-4016-9ECE-6EFC1D9901F7}.Debug|Any CPU.Build.0 = Debug|Any CPU
		{5B3A19CB-0268-4016-9ECE-6EFC1D9901F7}.Release|Any CPU.ActiveCfg = Release|Any CPU
		{5B3A19CB-0268-4016-9ECE-6EFC1D9901F7}.Release|Any CPU.Build.0 = Release|Any CPU
		{36C823BE-5BD3-4366-AC76-F56928CD4B50}.Debug|Any CPU.ActiveCfg = Debug|Any CPU
		{36C823BE-5BD3-4366-AC76-F56928CD4B50}.Debug|Any CPU.Build.0 = Debug|Any CPU
		{36C823BE-5BD3-4366-AC76-F56928CD4B50}.Release|Any CPU.ActiveCfg = Release|Any CPU
		{36C823BE-5BD3-4366-AC76-F56928CD4B50}.Release|Any CPU.Build.0 = Release|Any CPU
		{5270B72F-6BA5-46F1-BB40-2812D2902570}.Debug|Any CPU.ActiveCfg = Debug|Any CPU
		{5270B72F-6BA5-46F1-BB40-2812D2902570}.Debug|Any CPU.Build.0 = Debug|Any CPU
		{5270B72F-6BA5-46F1-BB40-2812D2902570}.Release|Any CPU.ActiveCfg = Release|Any CPU
		{5270B72F-6BA5-46F1-BB40-2812D2902570}.Release|Any CPU.Build.0 = Release|Any CPU
		{FA8854DF-68BE-410A-A27F-1EDCA154DA97}.Debug|Any CPU.ActiveCfg = Debug|Any CPU
		{FA8854DF-68BE-410A-A27F-1EDCA154DA97}.Debug|Any CPU.Build.0 = Debug|Any CPU
		{FA8854DF-68BE-410A-A27F-1EDCA154DA97}.Release|Any CPU.ActiveCfg = Release|Any CPU
		{FA8854DF-68BE-410A-A27F-1EDCA154DA97}.Release|Any CPU.Build.0 = Release|Any CPU
	EndGlobalSection
	GlobalSection(SolutionProperties) = preSolution
		HideSolutionNode = FALSE
	EndGlobalSection
	GlobalSection(ExtensibilityGlobals) = postSolution
		SolutionGuid = {7B301C4D-891C-4236-B119-11EC0AC3D341}
	EndGlobalSection
EndGlobal
