
Microsoft Visual Studio Solution File, Format Version 12.00
# Visual Studio 15
VisualStudioVersion = 15.0.28307.438
MinimumVisualStudioVersion = 10.0.40219.1
Project("{FAE04EC0-301F-11D3-BF4B-00C04F79EFBC}") = "UserInfos", "UserInfos\UserInfos.csproj", "{C41E47D2-A9F5-41DE-8C36-BCDC9F69E4E2}"
EndProject
Project("{FAE04EC0-301F-11D3-BF4B-00C04F79EFBC}") = "OwinSelfhostSample", "OwinSelfhostSample\OwinSelfhostSample.csproj", "{55BBFE26-AC5E-4BEF-9EC2-8E3E781E5F7E}"
EndProject
Project("{FAE04EC0-301F-11D3-BF4B-00C04F79EFBC}") = "OwinAPI", "OwinAPI\OwinAPI.csproj", "{52261DBB-3ED4-4C30-B2FE-64A440EF0C75}"
EndProject
Project("{FAE04EC0-301F-11D3-BF4B-00C04F79EFBC}") = "OwinLib", "OwinLib\OwinLib.csproj", "{31DE2043-8EA0-465C-BDDD-5CCAF7775628}"
EndProject
Global
	GlobalSection(SolutionConfigurationPlatforms) = preSolution
		Debug|Any CPU = Debug|Any CPU
		Release|Any CPU = Release|Any CPU
	EndGlobalSection
	GlobalSection(ProjectConfigurationPlatforms) = postSolution
		{C41E47D2-A9F5-41DE-8C36-BCDC9F69E4E2}.Debug|Any CPU.ActiveCfg = Debug|Any CPU
		{C41E47D2-A9F5-41DE-8C36-BCDC9F69E4E2}.Debug|Any CPU.Build.0 = Debug|Any CPU
		{C41E47D2-A9F5-41DE-8C36-BCDC9F69E4E2}.Release|Any CPU.ActiveCfg = Release|Any CPU
		{C41E47D2-A9F5-41DE-8C36-BCDC9F69E4E2}.Release|Any CPU.Build.0 = Release|Any CPU
		{55BBFE26-AC5E-4BEF-9EC2-8E3E781E5F7E}.Debug|Any CPU.ActiveCfg = Debug|Any CPU
		{55BBFE26-AC5E-4BEF-9EC2-8E3E781E5F7E}.Debug|Any CPU.Build.0 = Debug|Any CPU
		{55BBFE26-AC5E-4BEF-9EC2-8E3E781E5F7E}.Release|Any CPU.ActiveCfg = Release|Any CPU
		{55BBFE26-AC5E-4BEF-9EC2-8E3E781E5F7E}.Release|Any CPU.Build.0 = Release|Any CPU
		{52261DBB-3ED4-4C30-B2FE-64A440EF0C75}.Debug|Any CPU.ActiveCfg = Debug|Any CPU
		{52261DBB-3ED4-4C30-B2FE-64A440EF0C75}.Debug|Any CPU.Build.0 = Debug|Any CPU
		{52261DBB-3ED4-4C30-B2FE-64A440EF0C75}.Release|Any CPU.ActiveCfg = Release|Any CPU
		{52261DBB-3ED4-4C30-B2FE-64A440EF0C75}.Release|Any CPU.Build.0 = Release|Any CPU
		{31DE2043-8EA0-465C-BDDD-5CCAF7775628}.Debug|Any CPU.ActiveCfg = Debug|Any CPU
		{31DE2043-8EA0-465C-BDDD-5CCAF7775628}.Debug|Any CPU.Build.0 = Debug|Any CPU
		{31DE2043-8EA0-465C-BDDD-5CCAF7775628}.Release|Any CPU.ActiveCfg = Release|Any CPU
		{31DE2043-8EA0-465C-BDDD-5CCAF7775628}.Release|Any CPU.Build.0 = Release|Any CPU
	EndGlobalSection
	GlobalSection(SolutionProperties) = preSolution
		HideSolutionNode = FALSE
	EndGlobalSection
	GlobalSection(ExtensibilityGlobals) = postSolution
		SolutionGuid = {C6C6E01F-D034-49AF-87A6-947494274359}
	EndGlobalSection
EndGlobal
